
Microsoft Visual Studio Solution File, Format Version 12.00
# Visual Studio Version 17
VisualStudioVersion = 17.5.002.0
MinimumVisualStudioVersion = 10.0.40219.1
Project("{2150E333-8FDC-42A3-9474-1A3956D46DE8}") = "Lesson1", "Lesson1", "{52F86BB5-D69E-41F3-B810-84444921ACEA}"
EndProject
Project("{9A19103F-16F7-4668-BE54-9A1E7A4F7556}") = "Example001_HelloConsole", "Lesson1\Example001_HelloConsole\Example001_HelloConsole.csproj", "{30B2DA02-E1CE-40E5-9443-4142C6005238}"
EndProject
Project("{9A19103F-16F7-4668-BE54-9A1E7A4F7556}") = "Example002_HelloUser", "Lesson1\Example002_HelloUser\Example002_HelloUser.csproj", "{9DF23788-AA0B-4B58-BBD0-5ECACA16B79C}"
EndProject
Project("{9A19103F-16F7-4668-BE54-9A1E7A4F7556}") = "Example003_Sum", "Lesson1\Example003_Sum\Example003_Sum.csproj", "{C540BBD1-99F2-4037-B144-A98093F0637E}"
EndProject
Project("{9A19103F-16F7-4668-BE54-9A1E7A4F7556}") = "Example004_Div", "Lesson1\Example004_Div\Example004_Div.csproj", "{3906533F-4DD2-4961-9279-18B73B75FECC}"
EndProject
Project("{9A19103F-16F7-4668-BE54-9A1E7A4F7556}") = "Example005_ConditionIfElse", "Lesson1\Example005_ConditionIfElse\Example005_ConditionIfElse.csproj", "{DABD0ED1-040E-49A0-8D42-4BEADAB3CBDA}"
EndProject
Project("{9A19103F-16F7-4668-BE54-9A1E7A4F7556}") = "Example006_Base", "Lesson1\Example006_Base\Example006_Base.csproj", "{D5D7B89A-83F7-424C-B73D-8CAA93AF6E07}"
EndProject
Project("{9A19103F-16F7-4668-BE54-9A1E7A4F7556}") = "Example007_Magic", "Lesson1\Example007_Magic\Example007_Magic.csproj", "{2B37EAA0-9F79-481C-883F-813C4F522CEB}"
EndProject
Project("{9A19103F-16F7-4668-BE54-9A1E7A4F7556}") = "Example008_TwoFriendsAndDog", "Lesson1\Example008_TwoFriendsAndDog\Example008_TwoFriendsAndDog.csproj", "{642BF310-4664-4A4E-98E0-F63A089AFE55}"
EndProject
Project("{2150E333-8FDC-42A3-9474-1A3956D46DE8}") = "Lesson2", "Lesson2", "{B7A1FC51-18D9-4A85-8646-765B1415AAFE}"
EndProject
Project("{9A19103F-16F7-4668-BE54-9A1E7A4F7556}") = "Exaple001_IntroMetod", "Lesson2\Example001_IntroMetod\Exaple001_IntroMetod.csproj", "{CE44485F-3A67-41CE-BDB1-2F87DBD936F7}"
EndProject
Project("{9A19103F-16F7-4668-BE54-9A1E7A4F7556}") = "Example002_IntroMetodFunc", "Lesson2\Example002_IntroMetodFunc\Example002_IntroMetodFunc.csproj", "{F675A445-7025-41AA-AEF6-1A9BA9EA744E}"
EndProject
Project("{9A19103F-16F7-4668-BE54-9A1E7A4F7556}") = "Example003_IntroArray", "Lesson2\Example003_IntroArray\Example003_IntroArray.csproj", "{C06BAB76-94C4-4D2F-AF6E-3740FC1844DE}"
EndProject
Project("{9A19103F-16F7-4668-BE54-9A1E7A4F7556}") = "Example004_FindElemArray", "Lesson2\Example004_FindElemArray\Example004_FindElemArray.csproj", "{BC992EF6-C226-4965-925D-BEE7429677E1}"
EndProject
Project("{9A19103F-16F7-4668-BE54-9A1E7A4F7556}") = "Example005_ArrayLibrary", "Lesson2\Example005_ArrayLibrary\Example005_ArrayLibrary.csproj", "{D83341BE-3732-4F2A-B777-7B4C6B1F035C}"
EndProject
Project("{2150E333-8FDC-42A3-9474-1A3956D46DE8}") = "Lesson3", "Lesson3", "{42AE2095-5E70-49BD-BEEF-24AE6D505508}"
EndProject
Project("{9A19103F-16F7-4668-BE54-9A1E7A4F7556}") = "Example001_Methods", "Lesson3\Example001_Methods\Example001_Methods.csproj", "{422F8200-5000-467B-B8E3-25C299E5245F}"
EndProject
Project("{9A19103F-16F7-4668-BE54-9A1E7A4F7556}") = "Example002", "Lesson3\Example002\Example002.csproj", "{694FBF34-0996-4195-BE9F-954A09A1FB6D}"
EndProject
Project("{9A19103F-16F7-4668-BE54-9A1E7A4F7556}") = "Example003_MultiplicationTable", "Lesson3\Example003_MultiplicationTable\Example003_MultiplicationTable.csproj", "{EB27E430-9938-4A30-9B9D-5575A6D84CB5}"
EndProject
Project("{9A19103F-16F7-4668-BE54-9A1E7A4F7556}") = "Example004_KkCc", "Lesson3\Example004_KkCc\Example004_KkCc.csproj", "{8ECF07B9-70BD-4A88-B021-DA5242ECDC8B}"
EndProject
Project("{9A19103F-16F7-4668-BE54-9A1E7A4F7556}") = "Example005_ArraySorted", "Lesson3\Example005_ArraySorted\Example005_ArraySorted.csproj", "{349218E2-A548-4C01-A6F0-E4F9502D3EAB}"
EndProject
Global
	GlobalSection(SolutionConfigurationPlatforms) = preSolution
		Debug|Any CPU = Debug|Any CPU
		Release|Any CPU = Release|Any CPU
	EndGlobalSection
	GlobalSection(ProjectConfigurationPlatforms) = postSolution
		{30B2DA02-E1CE-40E5-9443-4142C6005238}.Debug|Any CPU.ActiveCfg = Debug|Any CPU
		{30B2DA02-E1CE-40E5-9443-4142C6005238}.Debug|Any CPU.Build.0 = Debug|Any CPU
		{30B2DA02-E1CE-40E5-9443-4142C6005238}.Release|Any CPU.ActiveCfg = Release|Any CPU
		{30B2DA02-E1CE-40E5-9443-4142C6005238}.Release|Any CPU.Build.0 = Release|Any CPU
		{9DF23788-AA0B-4B58-BBD0-5ECACA16B79C}.Debug|Any CPU.ActiveCfg = Debug|Any CPU
		{9DF23788-AA0B-4B58-BBD0-5ECACA16B79C}.Debug|Any CPU.Build.0 = Debug|Any CPU
		{9DF23788-AA0B-4B58-BBD0-5ECACA16B79C}.Release|Any CPU.ActiveCfg = Release|Any CPU
		{9DF23788-AA0B-4B58-BBD0-5ECACA16B79C}.Release|Any CPU.Build.0 = Release|Any CPU
		{C540BBD1-99F2-4037-B144-A98093F0637E}.Debug|Any CPU.ActiveCfg = Debug|Any CPU
		{C540BBD1-99F2-4037-B144-A98093F0637E}.Debug|Any CPU.Build.0 = Debug|Any CPU
		{C540BBD1-99F2-4037-B144-A98093F0637E}.Release|Any CPU.ActiveCfg = Release|Any CPU
		{C540BBD1-99F2-4037-B144-A98093F0637E}.Release|Any CPU.Build.0 = Release|Any CPU
		{3906533F-4DD2-4961-9279-18B73B75FECC}.Debug|Any CPU.ActiveCfg = Debug|Any CPU
		{3906533F-4DD2-4961-9279-18B73B75FECC}.Debug|Any CPU.Build.0 = Debug|Any CPU
		{3906533F-4DD2-4961-9279-18B73B75FECC}.Release|Any CPU.ActiveCfg = Release|Any CPU
		{3906533F-4DD2-4961-9279-18B73B75FECC}.Release|Any CPU.Build.0 = Release|Any CPU
		{DABD0ED1-040E-49A0-8D42-4BEADAB3CBDA}.Debug|Any CPU.ActiveCfg = Debug|Any CPU
		{DABD0ED1-040E-49A0-8D42-4BEADAB3CBDA}.Debug|Any CPU.Build.0 = Debug|Any CPU
		{DABD0ED1-040E-49A0-8D42-4BEADAB3CBDA}.Release|Any CPU.ActiveCfg = Release|Any CPU
		{DABD0ED1-040E-49A0-8D42-4BEADAB3CBDA}.Release|Any CPU.Build.0 = Release|Any CPU
		{D5D7B89A-83F7-424C-B73D-8CAA93AF6E07}.Debug|Any CPU.ActiveCfg = Debug|Any CPU
		{D5D7B89A-83F7-424C-B73D-8CAA93AF6E07}.Debug|Any CPU.Build.0 = Debug|Any CPU
		{D5D7B89A-83F7-424C-B73D-8CAA93AF6E07}.Release|Any CPU.ActiveCfg = Release|Any CPU
		{D5D7B89A-83F7-424C-B73D-8CAA93AF6E07}.Release|Any CPU.Build.0 = Release|Any CPU
		{2B37EAA0-9F79-481C-883F-813C4F522CEB}.Debug|Any CPU.ActiveCfg = Debug|Any CPU
		{2B37EAA0-9F79-481C-883F-813C4F522CEB}.Debug|Any CPU.Build.0 = Debug|Any CPU
		{2B37EAA0-9F79-481C-883F-813C4F522CEB}.Release|Any CPU.ActiveCfg = Release|Any CPU
		{2B37EAA0-9F79-481C-883F-813C4F522CEB}.Release|Any CPU.Build.0 = Release|Any CPU
		{642BF310-4664-4A4E-98E0-F63A089AFE55}.Debug|Any CPU.ActiveCfg = Debug|Any CPU
		{642BF310-4664-4A4E-98E0-F63A089AFE55}.Debug|Any CPU.Build.0 = Debug|Any CPU
		{642BF310-4664-4A4E-98E0-F63A089AFE55}.Release|Any CPU.ActiveCfg = Release|Any CPU
		{642BF310-4664-4A4E-98E0-F63A089AFE55}.Release|Any CPU.Build.0 = Release|Any CPU
		{CE44485F-3A67-41CE-BDB1-2F87DBD936F7}.Debug|Any CPU.ActiveCfg = Debug|Any CPU
		{CE44485F-3A67-41CE-BDB1-2F87DBD936F7}.Debug|Any CPU.Build.0 = Debug|Any CPU
		{CE44485F-3A67-41CE-BDB1-2F87DBD936F7}.Release|Any CPU.ActiveCfg = Release|Any CPU
		{CE44485F-3A67-41CE-BDB1-2F87DBD936F7}.Release|Any CPU.Build.0 = Release|Any CPU
		{F675A445-7025-41AA-AEF6-1A9BA9EA744E}.Debug|Any CPU.ActiveCfg = Debug|Any CPU
		{F675A445-7025-41AA-AEF6-1A9BA9EA744E}.Debug|Any CPU.Build.0 = Debug|Any CPU
		{F675A445-7025-41AA-AEF6-1A9BA9EA744E}.Release|Any CPU.ActiveCfg = Release|Any CPU
		{F675A445-7025-41AA-AEF6-1A9BA9EA744E}.Release|Any CPU.Build.0 = Release|Any CPU
		{C06BAB76-94C4-4D2F-AF6E-3740FC1844DE}.Debug|Any CPU.ActiveCfg = Debug|Any CPU
		{C06BAB76-94C4-4D2F-AF6E-3740FC1844DE}.Debug|Any CPU.Build.0 = Debug|Any CPU
		{C06BAB76-94C4-4D2F-AF6E-3740FC1844DE}.Release|Any CPU.ActiveCfg = Release|Any CPU
		{C06BAB76-94C4-4D2F-AF6E-3740FC1844DE}.Release|Any CPU.Build.0 = Release|Any CPU
		{BC992EF6-C226-4965-925D-BEE7429677E1}.Debug|Any CPU.ActiveCfg = Debug|Any CPU
		{BC992EF6-C226-4965-925D-BEE7429677E1}.Debug|Any CPU.Build.0 = Debug|Any CPU
		{BC992EF6-C226-4965-925D-BEE7429677E1}.Release|Any CPU.ActiveCfg = Release|Any CPU
		{BC992EF6-C226-4965-925D-BEE7429677E1}.Release|Any CPU.Build.0 = Release|Any CPU
		{D83341BE-3732-4F2A-B777-7B4C6B1F035C}.Debug|Any CPU.ActiveCfg = Debug|Any CPU
		{D83341BE-3732-4F2A-B777-7B4C6B1F035C}.Debug|Any CPU.Build.0 = Debug|Any CPU
		{D83341BE-3732-4F2A-B777-7B4C6B1F035C}.Release|Any CPU.ActiveCfg = Release|Any CPU
		{D83341BE-3732-4F2A-B777-7B4C6B1F035C}.Release|Any CPU.Build.0 = Release|Any CPU
		{422F8200-5000-467B-B8E3-25C299E5245F}.Debug|Any CPU.ActiveCfg = Debug|Any CPU
		{422F8200-5000-467B-B8E3-25C299E5245F}.Debug|Any CPU.Build.0 = Debug|Any CPU
		{422F8200-5000-467B-B8E3-25C299E5245F}.Release|Any CPU.ActiveCfg = Release|Any CPU
		{422F8200-5000-467B-B8E3-25C299E5245F}.Release|Any CPU.Build.0 = Release|Any CPU
		{694FBF34-0996-4195-BE9F-954A09A1FB6D}.Debug|Any CPU.ActiveCfg = Debug|Any CPU
		{694FBF34-0996-4195-BE9F-954A09A1FB6D}.Debug|Any CPU.Build.0 = Debug|Any CPU
		{694FBF34-0996-4195-BE9F-954A09A1FB6D}.Release|Any CPU.ActiveCfg = Release|Any CPU
		{694FBF34-0996-4195-BE9F-954A09A1FB6D}.Release|Any CPU.Build.0 = Release|Any CPU
		{EB27E430-9938-4A30-9B9D-5575A6D84CB5}.Debug|Any CPU.ActiveCfg = Debug|Any CPU
		{EB27E430-9938-4A30-9B9D-5575A6D84CB5}.Debug|Any CPU.Build.0 = Debug|Any CPU
		{EB27E430-9938-4A30-9B9D-5575A6D84CB5}.Release|Any CPU.ActiveCfg = Release|Any CPU
		{EB27E430-9938-4A30-9B9D-5575A6D84CB5}.Release|Any CPU.Build.0 = Release|Any CPU
		{8ECF07B9-70BD-4A88-B021-DA5242ECDC8B}.Debug|Any CPU.ActiveCfg = Debug|Any CPU
		{8ECF07B9-70BD-4A88-B021-DA5242ECDC8B}.Debug|Any CPU.Build.0 = Debug|Any CPU
		{8ECF07B9-70BD-4A88-B021-DA5242ECDC8B}.Release|Any CPU.ActiveCfg = Release|Any CPU
		{8ECF07B9-70BD-4A88-B021-DA5242ECDC8B}.Release|Any CPU.Build.0 = Release|Any CPU
		{349218E2-A548-4C01-A6F0-E4F9502D3EAB}.Debug|Any CPU.ActiveCfg = Debug|Any CPU
		{349218E2-A548-4C01-A6F0-E4F9502D3EAB}.Debug|Any CPU.Build.0 = Debug|Any CPU
		{349218E2-A548-4C01-A6F0-E4F9502D3EAB}.Release|Any CPU.ActiveCfg = Release|Any CPU
		{349218E2-A548-4C01-A6F0-E4F9502D3EAB}.Release|Any CPU.Build.0 = Release|Any CPU
	EndGlobalSection
	GlobalSection(SolutionProperties) = preSolution
		HideSolutionNode = FALSE
	EndGlobalSection
	GlobalSection(NestedProjects) = preSolution
		{30B2DA02-E1CE-40E5-9443-4142C6005238} = {52F86BB5-D69E-41F3-B810-84444921ACEA}
		{9DF23788-AA0B-4B58-BBD0-5ECACA16B79C} = {52F86BB5-D69E-41F3-B810-84444921ACEA}
		{C540BBD1-99F2-4037-B144-A98093F0637E} = {52F86BB5-D69E-41F3-B810-84444921ACEA}
		{3906533F-4DD2-4961-9279-18B73B75FECC} = {52F86BB5-D69E-41F3-B810-84444921ACEA}
		{DABD0ED1-040E-49A0-8D42-4BEADAB3CBDA} = {52F86BB5-D69E-41F3-B810-84444921ACEA}
		{D5D7B89A-83F7-424C-B73D-8CAA93AF6E07} = {52F86BB5-D69E-41F3-B810-84444921ACEA}
		{2B37EAA0-9F79-481C-883F-813C4F522CEB} = {52F86BB5-D69E-41F3-B810-84444921ACEA}
		{642BF310-4664-4A4E-98E0-F63A089AFE55} = {52F86BB5-D69E-41F3-B810-84444921ACEA}
		{CE44485F-3A67-41CE-BDB1-2F87DBD936F7} = {B7A1FC51-18D9-4A85-8646-765B1415AAFE}
		{F675A445-7025-41AA-AEF6-1A9BA9EA744E} = {B7A1FC51-18D9-4A85-8646-765B1415AAFE}
		{C06BAB76-94C4-4D2F-AF6E-3740FC1844DE} = {B7A1FC51-18D9-4A85-8646-765B1415AAFE}
		{BC992EF6-C226-4965-925D-BEE7429677E1} = {B7A1FC51-18D9-4A85-8646-765B1415AAFE}
		{D83341BE-3732-4F2A-B777-7B4C6B1F035C} = {B7A1FC51-18D9-4A85-8646-765B1415AAFE}
		{422F8200-5000-467B-B8E3-25C299E5245F} = {42AE2095-5E70-49BD-BEEF-24AE6D505508}
		{694FBF34-0996-4195-BE9F-954A09A1FB6D} = {42AE2095-5E70-49BD-BEEF-24AE6D505508}
		{EB27E430-9938-4A30-9B9D-5575A6D84CB5} = {42AE2095-5E70-49BD-BEEF-24AE6D505508}
		{8ECF07B9-70BD-4A88-B021-DA5242ECDC8B} = {42AE2095-5E70-49BD-BEEF-24AE6D505508}
		{349218E2-A548-4C01-A6F0-E4F9502D3EAB} = {42AE2095-5E70-49BD-BEEF-24AE6D505508}
	EndGlobalSection
	GlobalSection(ExtensibilityGlobals) = postSolution
		SolutionGuid = {00D64434-91F6-4186-9DE9-88D384B2819E}
	EndGlobalSection
EndGlobal
